
Microsoft Visual Studio Solution File, Format Version 12.00
Project("{FAE04EC0-301F-11D3-BF4B-00C04F79EFBC}") = "FrontServer", "FrontServer\FrontServer.csproj", "{624A3805-5150-459B-9264-5BC0D4FFBDCD}"
EndProject
Project("{FAE04EC0-301F-11D3-BF4B-00C04F79EFBC}") = "Database", "Database\Database.csproj", "{59777EF6-D076-4DFF-8865-6495DEDAFD69}"
EndProject
Project("{FAE04EC0-301F-11D3-BF4B-00C04F79EFBC}") = "ServerLibrary", "ServerLibrary\ServerLibrary.csproj", "{DE138AA3-6C7A-4373-B76C-9FAE037F83C8}"
EndProject
Project("{FAE04EC0-301F-11D3-BF4B-00C04F79EFBC}") = "SharedLibrary", "SharedLibrary\SharedLibrary.csproj", "{C28E7A3E-C7C4-4346-AAD0-10F7D7B92FFD}"
EndProject
Global
	GlobalSection(SolutionConfigurationPlatforms) = preSolution
		Debug|Any CPU = Debug|Any CPU
		Release|Any CPU = Release|Any CPU
	EndGlobalSection
	GlobalSection(ProjectConfigurationPlatforms) = postSolution
		{624A3805-5150-459B-9264-5BC0D4FFBDCD}.Debug|Any CPU.ActiveCfg = Debug|Any CPU
		{624A3805-5150-459B-9264-5BC0D4FFBDCD}.Debug|Any CPU.Build.0 = Debug|Any CPU
		{624A3805-5150-459B-9264-5BC0D4FFBDCD}.Release|Any CPU.ActiveCfg = Release|Any CPU
		{624A3805-5150-459B-9264-5BC0D4FFBDCD}.Release|Any CPU.Build.0 = Release|Any CPU
		{59777EF6-D076-4DFF-8865-6495DEDAFD69}.Debug|Any CPU.ActiveCfg = Debug|Any CPU
		{59777EF6-D076-4DFF-8865-6495DEDAFD69}.Debug|Any CPU.Build.0 = Debug|Any CPU
		{59777EF6-D076-4DFF-8865-6495DEDAFD69}.Release|Any CPU.ActiveCfg = Release|Any CPU
		{59777EF6-D076-4DFF-8865-6495DEDAFD69}.Release|Any CPU.Build.0 = Release|Any CPU
		{DE138AA3-6C7A-4373-B76C-9FAE037F83C8}.Debug|Any CPU.ActiveCfg = Debug|Any CPU
		{DE138AA3-6C7A-4373-B76C-9FAE037F83C8}.Debug|Any CPU.Build.0 = Debug|Any CPU
		{DE138AA3-6C7A-4373-B76C-9FAE037F83C8}.Release|Any CPU.ActiveCfg = Release|Any CPU
		{DE138AA3-6C7A-4373-B76C-9FAE037F83C8}.Release|Any CPU.Build.0 = Release|Any CPU
		{C28E7A3E-C7C4-4346-AAD0-10F7D7B92FFD}.Debug|Any CPU.ActiveCfg = Debug|Any CPU
		{C28E7A3E-C7C4-4346-AAD0-10F7D7B92FFD}.Debug|Any CPU.Build.0 = Debug|Any CPU
		{C28E7A3E-C7C4-4346-AAD0-10F7D7B92FFD}.Release|Any CPU.ActiveCfg = Release|Any CPU
		{C28E7A3E-C7C4-4346-AAD0-10F7D7B92FFD}.Release|Any CPU.Build.0 = Release|Any CPU
	EndGlobalSection
EndGlobal
